
Microsoft Visual Studio Solution File, Format Version 12.00
# Visual Studio Version 17
VisualStudioVersion = 17.5.33627.172
MinimumVisualStudioVersion = 10.0.40219.1
Project("{FAE04EC0-301F-11D3-BF4B-00C04F79EFBC}") = "AdvancedIf", "AdvancedIf\AdvancedIf.csproj", "{F045C4AD-999C-4CF7-BD64-9CBA4CE74FD6}"
EndProject
Global
	GlobalSection(SolutionConfigurationPlatforms) = preSolution
		Debug|Any CPU = Debug|Any CPU
		Release|Any CPU = Release|Any CPU
	EndGlobalSection
	GlobalSection(ProjectConfigurationPlatforms) = postSolution
		{F045C4AD-999C-4CF7-BD64-9CBA4CE74FD6}.Debug|Any CPU.ActiveCfg = Debug|Any CPU
		{F045C4AD-999C-4CF7-BD64-9CBA4CE74FD6}.Debug|Any CPU.Build.0 = Debug|Any CPU
		{F045C4AD-999C-4CF7-BD64-9CBA4CE74FD6}.Release|Any CPU.ActiveCfg = Release|Any CPU
		{F045C4AD-999C-4CF7-BD64-9CBA4CE74FD6}.Release|Any CPU.Build.0 = Release|Any CPU
	EndGlobalSection
	GlobalSection(SolutionProperties) = preSolution
		HideSolutionNode = FALSE
	EndGlobalSection
	GlobalSection(ExtensibilityGlobals) = postSolution
		SolutionGuid = {A7AC4939-6B73-43A4-AEA6-8A3832FA786F}
	EndGlobalSection
EndGlobal
